
Microsoft Visual Studio Solution File, Format Version 11.00
# Visual Studio 2010
Project("{FAE04EC0-301F-11D3-BF4B-00C04F79EFBC}") = "SterlingBuild", "SterlingBuild\SterlingBuild.csproj", "{BF8338C3-A3BE-42C3-BA6B-669DC584A6E2}"
EndProject
Project("{FAE04EC0-301F-11D3-BF4B-00C04F79EFBC}") = "Wintellect.Sterling", "..\Wintellect.Sterling\Wintellect.Sterling.csproj", "{8E5B5989-AD61-49D8-BCB9-40C0902D4D7B}"
EndProject
Project("{FAE04EC0-301F-11D3-BF4B-00C04F79EFBC}") = "Wintellect.Sterling.IsolatedStorage", "..\Wintellect.Sterling.IsolatedStorage\Wintellect.Sterling.IsolatedStorage.csproj", "{A74165EA-9D13-49CE-84AC-155468B90071}"
EndProject
Project("{FAE04EC0-301F-11D3-BF4B-00C04F79EFBC}") = "Wintellect.Sterling.Test", "..\Wintellect.Sterling.Test\Wintellect.Sterling.Test.csproj", "{AD90F146-A1D9-4925-9301-FE864CAEC7C5}"
EndProject
Project("{FAE04EC0-301F-11D3-BF4B-00C04F79EFBC}") = "Wintellect.Sterling.Test.Helpers", "..\Wintellect.Sterling.Test.Helpers\Wintellect.Sterling.Test.Helpers.csproj", "{43ADDFBF-5B60-4B82-B25D-3B72E08A5BA0}"
EndProject
Project("{FAE04EC0-301F-11D3-BF4B-00C04F79EFBC}") = "Wintellect.Sterling.WindowsPhone", "..\Wintellect.Sterling.WindowsPhone\Wintellect.Sterling.WindowsPhone.csproj", "{7842BE18-DAE7-408A-8863-7C0DE2FFB9D8}"
EndProject
Project("{FAE04EC0-301F-11D3-BF4B-00C04F79EFBC}") = "Wintellect.Sterling.WindowsPhone.Test", "..\Wintellect.Sterling.WindowsPhone.Test\Wintellect.Sterling.WindowsPhone.Test.csproj", "{D6DBEA81-0DF4-4B60-8D5E-3212AB9F0B5B}"
EndProject
Project("{FAE04EC0-301F-11D3-BF4B-00C04F79EFBC}") = "Wintellect.Sterling.WindowsPhone.Test.Helpers", "..\Wintellect.Sterling.WindowsPhone.Test.Helpers\Wintellect.Sterling.WindowsPhone.Test.Helpers.csproj", "{EE8F8C13-3C64-4E87-8A55-17DAD6B31485}"
EndProject
Project("{FAE04EC0-301F-11D3-BF4B-00C04F79EFBC}") = "Wintellect.Sterling.IsolatedStorage.Test", "..\Wintellect.Sterling.IsolatedStorage.Test\Wintellect.Sterling.IsolatedStorage.Test.csproj", "{ACDEF80B-2D6D-4B90-A766-6B636F14257E}"
EndProject
Project("{FAE04EC0-301F-11D3-BF4B-00C04F79EFBC}") = "Wintellect.Sterling.WindowsPhone.IsolatedStorage.Test", "..\Wintellect.Sterling.WindowsPhone.IsolatedStorage.Test\Wintellect.Sterling.WindowsPhone.IsolatedStorage.Test.csproj", "{4D69AB6D-1B8C-473D-B382-F7FEC9ACC0F9}"
EndProject
Project("{FAE04EC0-301F-11D3-BF4B-00C04F79EFBC}") = "Wintellect.Sterling.WindowsPhone.IsolatedStorage", "..\Wintellect.Sterling.WindowsPhone.IsolatedStorage\Wintellect.Sterling.WindowsPhone.IsolatedStorage.csproj", "{E4E978F2-3A8B-45D3-8157-4002A9BECF2B}"
EndProject
Project("{FAE04EC0-301F-11D3-BF4B-00C04F79EFBC}") = "Wintellect.Sterling.ElevatedTrust.Test", "..\Wintellect.Sterling.ElevatedTrust.Test\Wintellect.Sterling.ElevatedTrust.Test.csproj", "{0CF97598-7726-4FB0-BB50-4D268B12DC90}"
EndProject
Project("{FAE04EC0-301F-11D3-BF4B-00C04F79EFBC}") = "Wintellect.Sterling.ElevatedTrust.Test.Web", "..\Wintellect.Sterling.ElevatedTrust.Test.Web\Wintellect.Sterling.ElevatedTrust.Test.Web.csproj", "{6F564EB8-8B0E-4456-83C4-2991B2DA789F}"
EndProject
Project("{FAE04EC0-301F-11D3-BF4B-00C04F79EFBC}") = "Wintellect.Sterling.ElevatedTrust", "..\Wintellect.Sterling.ElevatedTrust\Wintellect.Sterling.ElevatedTrust.csproj", "{BB0149B8-D2E7-420C-A6CC-FBB6E596D362}"
EndProject
Project("{FAE04EC0-301F-11D3-BF4B-00C04F79EFBC}") = "Wintellect.Sterling.IsolatedStorageUpgrade", "..\Wintellect.Sterling.IsolatedStorageUpgrade\Wintellect.Sterling.IsolatedStorageUpgrade.csproj", "{51E2367B-779B-4AFF-A803-7A0A548941EF}"
EndProject
Project("{FAE04EC0-301F-11D3-BF4B-00C04F79EFBC}") = "Wintellect.Sterling.WindowsPhone.IsolatedStorageUpgrade", "..\Wintellect.Sterling.WindowsPhone.IsolatedStorageUpgrade\Wintellect.Sterling.WindowsPhone.IsolatedStorageUpgrade.csproj", "{7D26066A-8A63-4AE2-A9D0-679E455E71C1}"
EndProject
Project("{FAE04EC0-301F-11D3-BF4B-00C04F79EFBC}") = "Wintellect.Sterling.Server", "..\Wintellect.Sterling.Server\Wintellect.Sterling.Server.csproj", "{0119E739-C888-41C6-81CA-8D86C014BA85}"
EndProject
Project("{2150E333-8FDC-42A3-9474-1A3956D46DE8}") = "Silverlight", "Silverlight", "{181C9CE0-E989-4B4B-A562-1B5FDA31CF1A}"
EndProject
Project("{2150E333-8FDC-42A3-9474-1A3956D46DE8}") = "WindowsPhone", "WindowsPhone", "{F9554496-9B08-4394-99F5-F6820B93E5BB}"
EndProject
Project("{2150E333-8FDC-42A3-9474-1A3956D46DE8}") = "Server", "Server", "{ABFECD36-F27A-43A7-90FB-A248DF249A6E}"
EndProject
Project("{FAE04EC0-301F-11D3-BF4B-00C04F79EFBC}") = "Wintellect.Sterling.Server.Test", "..\Wintellect.Sterling.Server.Test\Wintellect.Sterling.Server.Test.csproj", "{5EA406A1-111B-4E77-B722-920253F00907}"
EndProject
Project("{2150E333-8FDC-42A3-9474-1A3956D46DE8}") = "Solution Items", "Solution Items", "{5806D6A2-E895-4628-B0A5-FAFF43149F48}"
	ProjectSection(SolutionItems) = preProject
		Local.testsettings = Local.testsettings
		SterlingBuildSln.vsmdi = SterlingBuildSln.vsmdi
		TraceAndTestImpact.testsettings = TraceAndTestImpact.testsettings
	EndProjectSection
EndProject
Project("{FAE04EC0-301F-11D3-BF4B-00C04F79EFBC}") = "Wintellect.Sterling.Server.Test.Helpers", "..\Wintellect.Sterling.Server.Test.Helpers\Wintellect.Sterling.Server.Test.Helpers.csproj", "{E618E839-BCE8-4B54-8A20-1BBB37040AFD}"
EndProject
Project("{FAE04EC0-301F-11D3-BF4B-00C04F79EFBC}") = "Wintellect.Sterling.Server.FileSystem", "..\Wintellect.Sterling.Server.FileSystem\Wintellect.Sterling.Server.FileSystem.csproj", "{D978BFD3-EC1D-462D-AE46-B7FF80812864}"
EndProject
Project("{FAE04EC0-301F-11D3-BF4B-00C04F79EFBC}") = "Wintellect.Sterling.Server.FileSystem.Test", "..\Wintellect.Sterling.Server.FileSystem.Test\Wintellect.Sterling.Server.FileSystem.Test.csproj", "{BAE29C2E-65C6-4842-BD9A-1D93A0D489B5}"
EndProject
Project("{2150E333-8FDC-42A3-9474-1A3956D46DE8}") = "Shared", "Shared", "{B086ACA5-7503-488E-B2E2-2623361286D7}"
	ProjectSection(SolutionItems) = preProject
		CommonAssemblyInfo.cs = CommonAssemblyInfo.cs
		VersionInfo.cs = VersionInfo.cs
	EndProjectSection
EndProject
Global
	GlobalSection(TeamFoundationVersionControl) = preSolution
		SccNumberOfProjects = 22
		SccEnterpriseProvider = {4CA58AB2-18FA-4F8D-95D4-32DDF27D184C}
		SccTeamFoundationServer = https://tfs.codeplex.com/tfs/tfs04
		SccLocalPath0 = .
		SccProjectUniqueName1 = ..\\Wintellect.Sterling\\Wintellect.Sterling.csproj
		SccProjectTopLevelParentUniqueName1 = SterlingBuildSln.sln
		SccProjectName1 = ../Wintellect.Sterling
		SccLocalPath1 = ..\\Wintellect.Sterling
		SccProjectUniqueName2 = ..\\Wintellect.Sterling.IsolatedStorage\\Wintellect.Sterling.IsolatedStorage.csproj
		SccProjectTopLevelParentUniqueName2 = SterlingBuildSln.sln
		SccProjectName2 = ../Wintellect.Sterling.IsolatedStorage
		SccLocalPath2 = ..\\Wintellect.Sterling.IsolatedStorage
		SccProjectUniqueName3 = ..\\Wintellect.Sterling.Test\\Wintellect.Sterling.Test.csproj
		SccProjectTopLevelParentUniqueName3 = SterlingBuildSln.sln
		SccProjectName3 = ../Wintellect.Sterling.Test
		SccLocalPath3 = ..\\Wintellect.Sterling.Test
		SccProjectUniqueName4 = ..\\Wintellect.Sterling.Test.Helpers\\Wintellect.Sterling.Test.Helpers.csproj
		SccProjectTopLevelParentUniqueName4 = SterlingBuildSln.sln
		SccProjectName4 = ../Wintellect.Sterling.Test.Helpers
		SccLocalPath4 = ..\\Wintellect.Sterling.Test.Helpers
		SccProjectUniqueName5 = ..\\Wintellect.Sterling.WindowsPhone\\Wintellect.Sterling.WindowsPhone.csproj
		SccProjectTopLevelParentUniqueName5 = SterlingBuildSln.sln
		SccProjectName5 = ../Wintellect.Sterling.WindowsPhone
		SccLocalPath5 = ..\\Wintellect.Sterling.WindowsPhone
		SccProjectUniqueName6 = ..\\Wintellect.Sterling.WindowsPhone.Test\\Wintellect.Sterling.WindowsPhone.Test.csproj
		SccProjectTopLevelParentUniqueName6 = SterlingBuildSln.sln
		SccProjectName6 = ../Wintellect.Sterling.WindowsPhone.Test
		SccLocalPath6 = ..\\Wintellect.Sterling.WindowsPhone.Test
		SccProjectUniqueName7 = SterlingBuild\\SterlingBuild.csproj
		SccProjectName7 = SterlingBuild
		SccLocalPath7 = SterlingBuild
		SccProjectUniqueName8 = ..\\Wintellect.Sterling.WindowsPhone.Test.Helpers\\Wintellect.Sterling.WindowsPhone.Test.Helpers.csproj
		SccProjectTopLevelParentUniqueName8 = SterlingBuildSln.sln
		SccProjectName8 = ../Wintellect.Sterling.WindowsPhone.Test.Helpers
		SccLocalPath8 = ..\\Wintellect.Sterling.WindowsPhone.Test.Helpers
		SccProjectUniqueName9 = ..\\Wintellect.Sterling.IsolatedStorage.Test\\Wintellect.Sterling.IsolatedStorage.Test.csproj
		SccProjectTopLevelParentUniqueName9 = SterlingBuildSln.sln
		SccProjectName9 = ../Wintellect.Sterling.IsolatedStorage.Test
		SccLocalPath9 = ..\\Wintellect.Sterling.IsolatedStorage.Test
		SccProjectUniqueName10 = ..\\Wintellect.Sterling.WindowsPhone.IsolatedStorage.Test\\Wintellect.Sterling.WindowsPhone.IsolatedStorage.Test.csproj
		SccProjectTopLevelParentUniqueName10 = SterlingBuildSln.sln
		SccProjectName10 = ../Wintellect.Sterling.WindowsPhone.IsolatedStorage.Test
		SccLocalPath10 = ..\\Wintellect.Sterling.WindowsPhone.IsolatedStorage.Test
		SccProjectUniqueName11 = ..\\Wintellect.Sterling.WindowsPhone.IsolatedStorage\\Wintellect.Sterling.WindowsPhone.IsolatedStorage.csproj
		SccProjectTopLevelParentUniqueName11 = SterlingBuildSln.sln
		SccProjectName11 = ../Wintellect.Sterling.WindowsPhone.IsolatedStorage
		SccLocalPath11 = ..\\Wintellect.Sterling.WindowsPhone.IsolatedStorage
		SccProjectUniqueName12 = ..\\Wintellect.Sterling.ElevatedTrust.Test\\Wintellect.Sterling.ElevatedTrust.Test.csproj
		SccProjectTopLevelParentUniqueName12 = SterlingBuildSln.sln
		SccProjectName12 = ../Wintellect.Sterling.ElevatedTrust.Test
		SccLocalPath12 = ..\\Wintellect.Sterling.ElevatedTrust.Test
		SccProjectUniqueName13 = ..\\Wintellect.Sterling.ElevatedTrust.Test.Web\\Wintellect.Sterling.ElevatedTrust.Test.Web.csproj
		SccProjectTopLevelParentUniqueName13 = SterlingBuildSln.sln
		SccProjectName13 = ../Wintellect.Sterling.ElevatedTrust.Test.Web
		SccLocalPath13 = ..\\Wintellect.Sterling.ElevatedTrust.Test.Web
		SccProjectUniqueName14 = ..\\Wintellect.Sterling.ElevatedTrust\\Wintellect.Sterling.ElevatedTrust.csproj
		SccProjectTopLevelParentUniqueName14 = SterlingBuildSln.sln
		SccProjectName14 = ../Wintellect.Sterling.ElevatedTrust
		SccLocalPath14 = ..\\Wintellect.Sterling.ElevatedTrust
		SccProjectUniqueName15 = ..\\Wintellect.Sterling.IsolatedStorageUpgrade\\Wintellect.Sterling.IsolatedStorageUpgrade.csproj
		SccProjectTopLevelParentUniqueName15 = SterlingBuildSln.sln
		SccProjectName15 = ../Wintellect.Sterling.IsolatedStorageUpgrade
		SccLocalPath15 = ..\\Wintellect.Sterling.IsolatedStorageUpgrade
		SccProjectUniqueName16 = ..\\Wintellect.Sterling.WindowsPhone.IsolatedStorageUpgrade\\Wintellect.Sterling.WindowsPhone.IsolatedStorageUpgrade.csproj
		SccProjectTopLevelParentUniqueName16 = SterlingBuildSln.sln
		SccProjectName16 = ../Wintellect.Sterling.WindowsPhone.IsolatedStorageUpgrade
		SccLocalPath16 = ..\\Wintellect.Sterling.WindowsPhone.IsolatedStorageUpgrade
		SccProjectUniqueName17 = ..\\Wintellect.Sterling.Server\\Wintellect.Sterling.Server.csproj
		SccProjectTopLevelParentUniqueName17 = SterlingBuildSln.sln
		SccProjectName17 = ../Wintellect.Sterling.Server
		SccLocalPath17 = ..\\Wintellect.Sterling.Server
		SccProjectUniqueName18 = ..\\Wintellect.Sterling.Server.Test\\Wintellect.Sterling.Server.Test.csproj
		SccProjectTopLevelParentUniqueName18 = SterlingBuildSln.sln
		SccProjectName18 = ../Wintellect.Sterling.Server.Test
		SccLocalPath18 = ..\\Wintellect.Sterling.Server.Test
		SccProjectUniqueName19 = ..\\Wintellect.Sterling.Server.Test.Helpers\\Wintellect.Sterling.Server.Test.Helpers.csproj
		SccProjectTopLevelParentUniqueName19 = SterlingBuildSln.sln
		SccProjectName19 = ../Wintellect.Sterling.Server.Test.Helpers
		SccLocalPath19 = ..\\Wintellect.Sterling.Server.Test.Helpers
		SccProjectUniqueName20 = ..\\Wintellect.Sterling.Server.FileSystem\\Wintellect.Sterling.Server.FileSystem.csproj
		SccProjectTopLevelParentUniqueName20 = SterlingBuildSln.sln
		SccProjectName20 = ../Wintellect.Sterling.Server.FileSystem
		SccLocalPath20 = ..\\Wintellect.Sterling.Server.FileSystem
		SccProjectUniqueName21 = ..\\Wintellect.Sterling.Server.FileSystem.Test\\Wintellect.Sterling.Server.FileSystem.Test.csproj
		SccProjectTopLevelParentUniqueName21 = SterlingBuildSln.sln
		SccProjectName21 = ../Wintellect.Sterling.Server.FileSystem.Test
		SccLocalPath21 = ..\\Wintellect.Sterling.Server.FileSystem.Test
	EndGlobalSection
	GlobalSection(TestCaseManagementSettings) = postSolution
		CategoryFile = SterlingBuildSln.vsmdi
	EndGlobalSection
	GlobalSection(SolutionConfigurationPlatforms) = preSolution
		Debug|Any CPU = Debug|Any CPU
		Release|Any CPU = Release|Any CPU
	EndGlobalSection
	GlobalSection(ProjectConfigurationPlatforms) = postSolution
		{BF8338C3-A3BE-42C3-BA6B-669DC584A6E2}.Debug|Any CPU.ActiveCfg = Debug|Any CPU
		{BF8338C3-A3BE-42C3-BA6B-669DC584A6E2}.Debug|Any CPU.Build.0 = Debug|Any CPU
		{BF8338C3-A3BE-42C3-BA6B-669DC584A6E2}.Release|Any CPU.ActiveCfg = Release|Any CPU
		{BF8338C3-A3BE-42C3-BA6B-669DC584A6E2}.Release|Any CPU.Build.0 = Release|Any CPU
		{8E5B5989-AD61-49D8-BCB9-40C0902D4D7B}.Debug|Any CPU.ActiveCfg = Debug|Any CPU
		{8E5B5989-AD61-49D8-BCB9-40C0902D4D7B}.Debug|Any CPU.Build.0 = Debug|Any CPU
		{8E5B5989-AD61-49D8-BCB9-40C0902D4D7B}.Release|Any CPU.ActiveCfg = Release|Any CPU
		{8E5B5989-AD61-49D8-BCB9-40C0902D4D7B}.Release|Any CPU.Build.0 = Release|Any CPU
		{A74165EA-9D13-49CE-84AC-155468B90071}.Debug|Any CPU.ActiveCfg = Debug|Any CPU
		{A74165EA-9D13-49CE-84AC-155468B90071}.Debug|Any CPU.Build.0 = Debug|Any CPU
		{A74165EA-9D13-49CE-84AC-155468B90071}.Release|Any CPU.ActiveCfg = Release|Any CPU
		{A74165EA-9D13-49CE-84AC-155468B90071}.Release|Any CPU.Build.0 = Release|Any CPU
		{AD90F146-A1D9-4925-9301-FE864CAEC7C5}.Debug|Any CPU.ActiveCfg = Debug|Any CPU
		{AD90F146-A1D9-4925-9301-FE864CAEC7C5}.Debug|Any CPU.Build.0 = Debug|Any CPU
		{AD90F146-A1D9-4925-9301-FE864CAEC7C5}.Release|Any CPU.ActiveCfg = Release|Any CPU
		{AD90F146-A1D9-4925-9301-FE864CAEC7C5}.Release|Any CPU.Build.0 = Release|Any CPU
		{43ADDFBF-5B60-4B82-B25D-3B72E08A5BA0}.Debug|Any CPU.ActiveCfg = Debug|Any CPU
		{43ADDFBF-5B60-4B82-B25D-3B72E08A5BA0}.Debug|Any CPU.Build.0 = Debug|Any CPU
		{43ADDFBF-5B60-4B82-B25D-3B72E08A5BA0}.Release|Any CPU.ActiveCfg = Release|Any CPU
		{43ADDFBF-5B60-4B82-B25D-3B72E08A5BA0}.Release|Any CPU.Build.0 = Release|Any CPU
		{7842BE18-DAE7-408A-8863-7C0DE2FFB9D8}.Debug|Any CPU.ActiveCfg = Debug|Any CPU
		{7842BE18-DAE7-408A-8863-7C0DE2FFB9D8}.Debug|Any CPU.Build.0 = Debug|Any CPU
		{7842BE18-DAE7-408A-8863-7C0DE2FFB9D8}.Release|Any CPU.ActiveCfg = Release|Any CPU
		{7842BE18-DAE7-408A-8863-7C0DE2FFB9D8}.Release|Any CPU.Build.0 = Release|Any CPU
		{D6DBEA81-0DF4-4B60-8D5E-3212AB9F0B5B}.Debug|Any CPU.ActiveCfg = Debug|Any CPU
		{D6DBEA81-0DF4-4B60-8D5E-3212AB9F0B5B}.Debug|Any CPU.Build.0 = Debug|Any CPU
		{D6DBEA81-0DF4-4B60-8D5E-3212AB9F0B5B}.Debug|Any CPU.Deploy.0 = Debug|Any CPU
		{D6DBEA81-0DF4-4B60-8D5E-3212AB9F0B5B}.Release|Any CPU.ActiveCfg = Release|Any CPU
		{D6DBEA81-0DF4-4B60-8D5E-3212AB9F0B5B}.Release|Any CPU.Build.0 = Release|Any CPU
		{D6DBEA81-0DF4-4B60-8D5E-3212AB9F0B5B}.Release|Any CPU.Deploy.0 = Release|Any CPU
		{EE8F8C13-3C64-4E87-8A55-17DAD6B31485}.Debug|Any CPU.ActiveCfg = Debug|Any CPU
		{EE8F8C13-3C64-4E87-8A55-17DAD6B31485}.Debug|Any CPU.Build.0 = Debug|Any CPU
		{EE8F8C13-3C64-4E87-8A55-17DAD6B31485}.Release|Any CPU.ActiveCfg = Release|Any CPU
		{EE8F8C13-3C64-4E87-8A55-17DAD6B31485}.Release|Any CPU.Build.0 = Release|Any CPU
		{ACDEF80B-2D6D-4B90-A766-6B636F14257E}.Debug|Any CPU.ActiveCfg = Debug|Any CPU
		{ACDEF80B-2D6D-4B90-A766-6B636F14257E}.Debug|Any CPU.Build.0 = Debug|Any CPU
		{ACDEF80B-2D6D-4B90-A766-6B636F14257E}.Release|Any CPU.ActiveCfg = Release|Any CPU
		{ACDEF80B-2D6D-4B90-A766-6B636F14257E}.Release|Any CPU.Build.0 = Release|Any CPU
		{4D69AB6D-1B8C-473D-B382-F7FEC9ACC0F9}.Debug|Any CPU.ActiveCfg = Debug|Any CPU
		{4D69AB6D-1B8C-473D-B382-F7FEC9ACC0F9}.Debug|Any CPU.Build.0 = Debug|Any CPU
		{4D69AB6D-1B8C-473D-B382-F7FEC9ACC0F9}.Debug|Any CPU.Deploy.0 = Debug|Any CPU
		{4D69AB6D-1B8C-473D-B382-F7FEC9ACC0F9}.Release|Any CPU.ActiveCfg = Release|Any CPU
		{4D69AB6D-1B8C-473D-B382-F7FEC9ACC0F9}.Release|Any CPU.Build.0 = Release|Any CPU
		{4D69AB6D-1B8C-473D-B382-F7FEC9ACC0F9}.Release|Any CPU.Deploy.0 = Release|Any CPU
		{E4E978F2-3A8B-45D3-8157-4002A9BECF2B}.Debug|Any CPU.ActiveCfg = Debug|Any CPU
		{E4E978F2-3A8B-45D3-8157-4002A9BECF2B}.Debug|Any CPU.Build.0 = Debug|Any CPU
		{E4E978F2-3A8B-45D3-8157-4002A9BECF2B}.Release|Any CPU.ActiveCfg = Release|Any CPU
		{E4E978F2-3A8B-45D3-8157-4002A9BECF2B}.Release|Any CPU.Build.0 = Release|Any CPU
		{0CF97598-7726-4FB0-BB50-4D268B12DC90}.Debug|Any CPU.ActiveCfg = Debug|Any CPU
		{0CF97598-7726-4FB0-BB50-4D268B12DC90}.Debug|Any CPU.Build.0 = Debug|Any CPU
		{0CF97598-7726-4FB0-BB50-4D268B12DC90}.Release|Any CPU.ActiveCfg = Release|Any CPU
		{0CF97598-7726-4FB0-BB50-4D268B12DC90}.Release|Any CPU.Build.0 = Release|Any CPU
		{6F564EB8-8B0E-4456-83C4-2991B2DA789F}.Debug|Any CPU.ActiveCfg = Debug|Any CPU
		{6F564EB8-8B0E-4456-83C4-2991B2DA789F}.Debug|Any CPU.Build.0 = Debug|Any CPU
		{6F564EB8-8B0E-4456-83C4-2991B2DA789F}.Release|Any CPU.ActiveCfg = Release|Any CPU
		{6F564EB8-8B0E-4456-83C4-2991B2DA789F}.Release|Any CPU.Build.0 = Release|Any CPU
		{BB0149B8-D2E7-420C-A6CC-FBB6E596D362}.Debug|Any CPU.ActiveCfg = Debug|Any CPU
		{BB0149B8-D2E7-420C-A6CC-FBB6E596D362}.Debug|Any CPU.Build.0 = Debug|Any CPU
		{BB0149B8-D2E7-420C-A6CC-FBB6E596D362}.Release|Any CPU.ActiveCfg = Release|Any CPU
		{BB0149B8-D2E7-420C-A6CC-FBB6E596D362}.Release|Any CPU.Build.0 = Release|Any CPU
		{51E2367B-779B-4AFF-A803-7A0A548941EF}.Debug|Any CPU.ActiveCfg = Debug|Any CPU
		{51E2367B-779B-4AFF-A803-7A0A548941EF}.Debug|Any CPU.Build.0 = Debug|Any CPU
		{51E2367B-779B-4AFF-A803-7A0A548941EF}.Release|Any CPU.ActiveCfg = Release|Any CPU
		{51E2367B-779B-4AFF-A803-7A0A548941EF}.Release|Any CPU.Build.0 = Release|Any CPU
		{7D26066A-8A63-4AE2-A9D0-679E455E71C1}.Debug|Any CPU.ActiveCfg = Debug|Any CPU
		{7D26066A-8A63-4AE2-A9D0-679E455E71C1}.Debug|Any CPU.Build.0 = Debug|Any CPU
		{7D26066A-8A63-4AE2-A9D0-679E455E71C1}.Release|Any CPU.ActiveCfg = Release|Any CPU
		{7D26066A-8A63-4AE2-A9D0-679E455E71C1}.Release|Any CPU.Build.0 = Release|Any CPU
		{0119E739-C888-41C6-81CA-8D86C014BA85}.Debug|Any CPU.ActiveCfg = Debug|Any CPU
		{0119E739-C888-41C6-81CA-8D86C014BA85}.Debug|Any CPU.Build.0 = Debug|Any CPU
		{0119E739-C888-41C6-81CA-8D86C014BA85}.Release|Any CPU.ActiveCfg = Release|Any CPU
		{0119E739-C888-41C6-81CA-8D86C014BA85}.Release|Any CPU.Build.0 = Release|Any CPU
		{5EA406A1-111B-4E77-B722-920253F00907}.Debug|Any CPU.ActiveCfg = Debug|Any CPU
		{5EA406A1-111B-4E77-B722-920253F00907}.Debug|Any CPU.Build.0 = Debug|Any CPU
		{5EA406A1-111B-4E77-B722-920253F00907}.Release|Any CPU.ActiveCfg = Release|Any CPU
		{5EA406A1-111B-4E77-B722-920253F00907}.Release|Any CPU.Build.0 = Release|Any CPU
		{E618E839-BCE8-4B54-8A20-1BBB37040AFD}.Debug|Any CPU.ActiveCfg = Debug|Any CPU
		{E618E839-BCE8-4B54-8A20-1BBB37040AFD}.Debug|Any CPU.Build.0 = Debug|Any CPU
		{E618E839-BCE8-4B54-8A20-1BBB37040AFD}.Release|Any CPU.ActiveCfg = Release|Any CPU
		{E618E839-BCE8-4B54-8A20-1BBB37040AFD}.Release|Any CPU.Build.0 = Release|Any CPU
		{D978BFD3-EC1D-462D-AE46-B7FF80812864}.Debug|Any CPU.ActiveCfg = Debug|Any CPU
		{D978BFD3-EC1D-462D-AE46-B7FF80812864}.Debug|Any CPU.Build.0 = Debug|Any CPU
		{D978BFD3-EC1D-462D-AE46-B7FF80812864}.Release|Any CPU.ActiveCfg = Release|Any CPU
		{D978BFD3-EC1D-462D-AE46-B7FF80812864}.Release|Any CPU.Build.0 = Release|Any CPU
		{BAE29C2E-65C6-4842-BD9A-1D93A0D489B5}.Debug|Any CPU.ActiveCfg = Debug|Any CPU
		{BAE29C2E-65C6-4842-BD9A-1D93A0D489B5}.Debug|Any CPU.Build.0 = Debug|Any CPU
		{BAE29C2E-65C6-4842-BD9A-1D93A0D489B5}.Release|Any CPU.ActiveCfg = Release|Any CPU
		{BAE29C2E-65C6-4842-BD9A-1D93A0D489B5}.Release|Any CPU.Build.0 = Release|Any CPU
	EndGlobalSection
	GlobalSection(SolutionProperties) = preSolution
		HideSolutionNode = FALSE
	EndGlobalSection
	GlobalSection(NestedProjects) = preSolution
		{A74165EA-9D13-49CE-84AC-155468B90071} = {181C9CE0-E989-4B4B-A562-1B5FDA31CF1A}
		{AD90F146-A1D9-4925-9301-FE864CAEC7C5} = {181C9CE0-E989-4B4B-A562-1B5FDA31CF1A}
		{43ADDFBF-5B60-4B82-B25D-3B72E08A5BA0} = {181C9CE0-E989-4B4B-A562-1B5FDA31CF1A}
		{ACDEF80B-2D6D-4B90-A766-6B636F14257E} = {181C9CE0-E989-4B4B-A562-1B5FDA31CF1A}
		{0CF97598-7726-4FB0-BB50-4D268B12DC90} = {181C9CE0-E989-4B4B-A562-1B5FDA31CF1A}
		{6F564EB8-8B0E-4456-83C4-2991B2DA789F} = {181C9CE0-E989-4B4B-A562-1B5FDA31CF1A}
		{BB0149B8-D2E7-420C-A6CC-FBB6E596D362} = {181C9CE0-E989-4B4B-A562-1B5FDA31CF1A}
		{51E2367B-779B-4AFF-A803-7A0A548941EF} = {181C9CE0-E989-4B4B-A562-1B5FDA31CF1A}
		{8E5B5989-AD61-49D8-BCB9-40C0902D4D7B} = {181C9CE0-E989-4B4B-A562-1B5FDA31CF1A}
		{D6DBEA81-0DF4-4B60-8D5E-3212AB9F0B5B} = {F9554496-9B08-4394-99F5-F6820B93E5BB}
		{EE8F8C13-3C64-4E87-8A55-17DAD6B31485} = {F9554496-9B08-4394-99F5-F6820B93E5BB}
		{4D69AB6D-1B8C-473D-B382-F7FEC9ACC0F9} = {F9554496-9B08-4394-99F5-F6820B93E5BB}
		{E4E978F2-3A8B-45D3-8157-4002A9BECF2B} = {F9554496-9B08-4394-99F5-F6820B93E5BB}
		{7D26066A-8A63-4AE2-A9D0-679E455E71C1} = {F9554496-9B08-4394-99F5-F6820B93E5BB}
		{7842BE18-DAE7-408A-8863-7C0DE2FFB9D8} = {F9554496-9B08-4394-99F5-F6820B93E5BB}
		{0119E739-C888-41C6-81CA-8D86C014BA85} = {ABFECD36-F27A-43A7-90FB-A248DF249A6E}
		{5EA406A1-111B-4E77-B722-920253F00907} = {ABFECD36-F27A-43A7-90FB-A248DF249A6E}
		{5806D6A2-E895-4628-B0A5-FAFF43149F48} = {ABFECD36-F27A-43A7-90FB-A248DF249A6E}
		{E618E839-BCE8-4B54-8A20-1BBB37040AFD} = {ABFECD36-F27A-43A7-90FB-A248DF249A6E}
		{D978BFD3-EC1D-462D-AE46-B7FF80812864} = {ABFECD36-F27A-43A7-90FB-A248DF249A6E}
		{BAE29C2E-65C6-4842-BD9A-1D93A0D489B5} = {ABFECD36-F27A-43A7-90FB-A248DF249A6E}
	EndGlobalSection
EndGlobal
