
Microsoft Visual Studio Solution File, Format Version 11.00
# Visual Studio 2010
Project("{FAE04EC0-301F-11D3-BF4B-00C04F79EFBC}") = "SterlingExample.Web", "SterlingExample.Web\SterlingExample.Web.csproj", "{5082D1A4-7D81-4D1C-9EC0-22B99C50E117}"
EndProject
Project("{FAE04EC0-301F-11D3-BF4B-00C04F79EFBC}") = "Wintellect.Sterling", "Wintellect.Sterling\Wintellect.Sterling.csproj", "{8E5B5989-AD61-49D8-BCB9-40C0902D4D7B}"
EndProject
Project("{FAE04EC0-301F-11D3-BF4B-00C04F79EFBC}") = "SterlingExample", "SterlingExample\SterlingExample.csproj", "{99E6A8A1-5678-4EF4-AEE4-E10F5017D7BB}"
EndProject
Project("{FAE04EC0-301F-11D3-BF4B-00C04F79EFBC}") = "SterlingExample.Database", "SterlingExample.Database\SterlingExample.Database.csproj", "{C61FD168-8535-4E3F-9FFE-2EB9B9A3918F}"
EndProject
Project("{FAE04EC0-301F-11D3-BF4B-00C04F79EFBC}") = "SterlingExample.Model", "SterlingExample.Model\SterlingExample.Model.csproj", "{39671F0A-671C-4FED-BCB5-A1703C743F7D}"
EndProject
Project("{FAE04EC0-301F-11D3-BF4B-00C04F79EFBC}") = "SterlingExample.DbGenerator", "SterlingExample.DbGenerator\SterlingExample.DbGenerator.csproj", "{63382B93-CFE9-4F82-A3F1-9D1381012022}"
EndProject
Project("{FAE04EC0-301F-11D3-BF4B-00C04F79EFBC}") = "Wintellect.Sterling.IsolatedStorage", "Wintellect.Sterling.IsolatedStorage\Wintellect.Sterling.IsolatedStorage.csproj", "{A74165EA-9D13-49CE-84AC-155468B90071}"
EndProject
Global
	GlobalSection(TeamFoundationVersionControl) = preSolution
		SccNumberOfProjects = 8
		SccEnterpriseProvider = {4CA58AB2-18FA-4F8D-95D4-32DDF27D184C}
		SccTeamFoundationServer = https://tfs.codeplex.com/tfs/tfs04
		SccLocalPath0 = .
		SccProjectUniqueName1 = SterlingExample.Web\\SterlingExample.Web.csproj
		SccProjectName1 = SterlingExample.Web
		SccLocalPath1 = SterlingExample.Web
		SccProjectUniqueName2 = Wintellect.Sterling\\Wintellect.Sterling.csproj
		SccProjectName2 = Wintellect.Sterling
		SccLocalPath2 = Wintellect.Sterling
		SccProjectUniqueName3 = SterlingExample\\SterlingExample.csproj
		SccProjectName3 = SterlingExample
		SccLocalPath3 = SterlingExample
		SccProjectUniqueName4 = SterlingExample.Database\\SterlingExample.Database.csproj
		SccProjectName4 = SterlingExample.Database
		SccLocalPath4 = SterlingExample.Database
		SccProjectUniqueName5 = SterlingExample.Model\\SterlingExample.Model.csproj
		SccProjectName5 = SterlingExample.Model
		SccLocalPath5 = SterlingExample.Model
		SccProjectUniqueName6 = SterlingExample.DbGenerator\\SterlingExample.DbGenerator.csproj
		SccProjectName6 = SterlingExample.DbGenerator
		SccLocalPath6 = SterlingExample.DbGenerator
		SccProjectUniqueName7 = Wintellect.Sterling.IsolatedStorage\\Wintellect.Sterling.IsolatedStorage.csproj
		SccProjectName7 = Wintellect.Sterling.IsolatedStorage
		SccLocalPath7 = Wintellect.Sterling.IsolatedStorage
	EndGlobalSection
	GlobalSection(SolutionConfigurationPlatforms) = preSolution
		Debug|Any CPU = Debug|Any CPU
		Release|Any CPU = Release|Any CPU
	EndGlobalSection
	GlobalSection(ProjectConfigurationPlatforms) = postSolution
		{5082D1A4-7D81-4D1C-9EC0-22B99C50E117}.Debug|Any CPU.ActiveCfg = Debug|Any CPU
		{5082D1A4-7D81-4D1C-9EC0-22B99C50E117}.Debug|Any CPU.Build.0 = Debug|Any CPU
		{5082D1A4-7D81-4D1C-9EC0-22B99C50E117}.Release|Any CPU.ActiveCfg = Release|Any CPU
		{5082D1A4-7D81-4D1C-9EC0-22B99C50E117}.Release|Any CPU.Build.0 = Release|Any CPU
		{8E5B5989-AD61-49D8-BCB9-40C0902D4D7B}.Debug|Any CPU.ActiveCfg = Debug|Any CPU
		{8E5B5989-AD61-49D8-BCB9-40C0902D4D7B}.Debug|Any CPU.Build.0 = Debug|Any CPU
		{8E5B5989-AD61-49D8-BCB9-40C0902D4D7B}.Release|Any CPU.ActiveCfg = Release|Any CPU
		{8E5B5989-AD61-49D8-BCB9-40C0902D4D7B}.Release|Any CPU.Build.0 = Release|Any CPU
		{99E6A8A1-5678-4EF4-AEE4-E10F5017D7BB}.Debug|Any CPU.ActiveCfg = Debug|Any CPU
		{99E6A8A1-5678-4EF4-AEE4-E10F5017D7BB}.Debug|Any CPU.Build.0 = Debug|Any CPU
		{99E6A8A1-5678-4EF4-AEE4-E10F5017D7BB}.Release|Any CPU.ActiveCfg = Release|Any CPU
		{99E6A8A1-5678-4EF4-AEE4-E10F5017D7BB}.Release|Any CPU.Build.0 = Release|Any CPU
		{C61FD168-8535-4E3F-9FFE-2EB9B9A3918F}.Debug|Any CPU.ActiveCfg = Debug|Any CPU
		{C61FD168-8535-4E3F-9FFE-2EB9B9A3918F}.Debug|Any CPU.Build.0 = Debug|Any CPU
		{C61FD168-8535-4E3F-9FFE-2EB9B9A3918F}.Release|Any CPU.ActiveCfg = Release|Any CPU
		{C61FD168-8535-4E3F-9FFE-2EB9B9A3918F}.Release|Any CPU.Build.0 = Release|Any CPU
		{39671F0A-671C-4FED-BCB5-A1703C743F7D}.Debug|Any CPU.ActiveCfg = Debug|Any CPU
		{39671F0A-671C-4FED-BCB5-A1703C743F7D}.Debug|Any CPU.Build.0 = Debug|Any CPU
		{39671F0A-671C-4FED-BCB5-A1703C743F7D}.Release|Any CPU.ActiveCfg = Release|Any CPU
		{39671F0A-671C-4FED-BCB5-A1703C743F7D}.Release|Any CPU.Build.0 = Release|Any CPU
		{63382B93-CFE9-4F82-A3F1-9D1381012022}.Debug|Any CPU.ActiveCfg = Debug|Any CPU
		{63382B93-CFE9-4F82-A3F1-9D1381012022}.Debug|Any CPU.Build.0 = Debug|Any CPU
		{63382B93-CFE9-4F82-A3F1-9D1381012022}.Release|Any CPU.ActiveCfg = Release|Any CPU
		{63382B93-CFE9-4F82-A3F1-9D1381012022}.Release|Any CPU.Build.0 = Release|Any CPU
		{A74165EA-9D13-49CE-84AC-155468B90071}.Debug|Any CPU.ActiveCfg = Debug|Any CPU
		{A74165EA-9D13-49CE-84AC-155468B90071}.Debug|Any CPU.Build.0 = Debug|Any CPU
		{A74165EA-9D13-49CE-84AC-155468B90071}.Release|Any CPU.ActiveCfg = Release|Any CPU
		{A74165EA-9D13-49CE-84AC-155468B90071}.Release|Any CPU.Build.0 = Release|Any CPU
	EndGlobalSection
	GlobalSection(SolutionProperties) = preSolution
		HideSolutionNode = FALSE
	EndGlobalSection
EndGlobal
