
Microsoft Visual Studio Solution File, Format Version 11.00
# Visual Studio 2010
Project("{FAE04EC0-301F-11D3-BF4B-00C04F79EFBC}") = "WindowsPhoneSterling", "WindowsPhoneSterling\WindowsPhoneSterling.csproj", "{E0037D4F-AE3E-4F17-B80A-C0BB53A5E689}"
EndProject
Project("{FAE04EC0-301F-11D3-BF4B-00C04F79EFBC}") = "Wintellect.Sterling.WindowsPhone", "Wintellect.Sterling.WindowsPhone\Wintellect.Sterling.WindowsPhone.csproj", "{7842BE18-DAE7-408A-8863-7C0DE2FFB9D8}"
EndProject
Project("{FAE04EC0-301F-11D3-BF4B-00C04F79EFBC}") = "Wintellect.Sterling.WindowsPhone.Test", "Wintellect.Sterling.WindowsPhone.Test\Wintellect.Sterling.WindowsPhone.Test.csproj", "{D6DBEA81-0DF4-4B60-8D5E-3212AB9F0B5B}"
EndProject
Project("{FAE04EC0-301F-11D3-BF4B-00C04F79EFBC}") = "Wintellect.Sterling", "Wintellect.Sterling\Wintellect.Sterling.csproj", "{8E5B5989-AD61-49D8-BCB9-40C0902D4D7B}"
EndProject
Project("{FAE04EC0-301F-11D3-BF4B-00C04F79EFBC}") = "Wintellect.Sterling.WindowsPhone.IsolatedStorage.Test", "Wintellect.Sterling.WindowsPhone.IsolatedStorage.Test\Wintellect.Sterling.WindowsPhone.IsolatedStorage.Test.csproj", "{4D69AB6D-1B8C-473D-B382-F7FEC9ACC0F9}"
EndProject
Project("{FAE04EC0-301F-11D3-BF4B-00C04F79EFBC}") = "Wintellect.Sterling.WindowsPhone.IsolatedStorage", "Wintellect.Sterling.WindowsPhone.IsolatedStorage\Wintellect.Sterling.WindowsPhone.IsolatedStorage.csproj", "{E4E978F2-3A8B-45D3-8157-4002A9BECF2B}"
EndProject
Project("{FAE04EC0-301F-11D3-BF4B-00C04F79EFBC}") = "Wintellect.Sterling.WindowsPhone.Test.Helpers", "Wintellect.Sterling.WindowsPhone.Test.Helpers\Wintellect.Sterling.WindowsPhone.Test.Helpers.csproj", "{EE8F8C13-3C64-4E87-8A55-17DAD6B31485}"
EndProject
Global
	GlobalSection(TeamFoundationVersionControl) = preSolution
		SccNumberOfProjects = 8
		SccEnterpriseProvider = {4CA58AB2-18FA-4F8D-95D4-32DDF27D184C}
		SccTeamFoundationServer = https://tfs.codeplex.com/tfs/tfs04
		SccLocalPath0 = .
		SccProjectUniqueName1 = WindowsPhoneSterling\\WindowsPhoneSterling.csproj
		SccProjectName1 = WindowsPhoneSterling
		SccLocalPath1 = WindowsPhoneSterling
		SccProjectUniqueName2 = Wintellect.Sterling.WindowsPhone\\Wintellect.Sterling.WindowsPhone.csproj
		SccProjectName2 = Wintellect.Sterling.WindowsPhone
		SccLocalPath2 = Wintellect.Sterling.WindowsPhone
		SccProjectUniqueName3 = Wintellect.Sterling.WindowsPhone.Test\\Wintellect.Sterling.WindowsPhone.Test.csproj
		SccProjectName3 = Wintellect.Sterling.WindowsPhone.Test
		SccLocalPath3 = Wintellect.Sterling.WindowsPhone.Test
		SccProjectUniqueName4 = Wintellect.Sterling\\Wintellect.Sterling.csproj
		SccProjectName4 = Wintellect.Sterling
		SccLocalPath4 = Wintellect.Sterling
		SccProjectUniqueName5 = Wintellect.Sterling.WindowsPhone.IsolatedStorage.Test\\Wintellect.Sterling.WindowsPhone.IsolatedStorage.Test.csproj
		SccProjectName5 = Wintellect.Sterling.WindowsPhone.IsolatedStorage.Test
		SccLocalPath5 = Wintellect.Sterling.WindowsPhone.IsolatedStorage.Test
		SccProjectUniqueName6 = Wintellect.Sterling.WindowsPhone.IsolatedStorage\\Wintellect.Sterling.WindowsPhone.IsolatedStorage.csproj
		SccProjectName6 = Wintellect.Sterling.WindowsPhone.IsolatedStorage
		SccLocalPath6 = Wintellect.Sterling.WindowsPhone.IsolatedStorage
		SccProjectUniqueName7 = Wintellect.Sterling.WindowsPhone.Test.Helpers\\Wintellect.Sterling.WindowsPhone.Test.Helpers.csproj
		SccProjectName7 = Wintellect.Sterling.WindowsPhone.Test.Helpers
		SccLocalPath7 = Wintellect.Sterling.WindowsPhone.Test.Helpers
	EndGlobalSection
	GlobalSection(SolutionConfigurationPlatforms) = preSolution
		Debug|Any CPU = Debug|Any CPU
		Release|Any CPU = Release|Any CPU
	EndGlobalSection
	GlobalSection(ProjectConfigurationPlatforms) = postSolution
		{E0037D4F-AE3E-4F17-B80A-C0BB53A5E689}.Debug|Any CPU.ActiveCfg = Debug|Any CPU
		{E0037D4F-AE3E-4F17-B80A-C0BB53A5E689}.Debug|Any CPU.Build.0 = Debug|Any CPU
		{E0037D4F-AE3E-4F17-B80A-C0BB53A5E689}.Debug|Any CPU.Deploy.0 = Debug|Any CPU
		{E0037D4F-AE3E-4F17-B80A-C0BB53A5E689}.Release|Any CPU.ActiveCfg = Release|Any CPU
		{E0037D4F-AE3E-4F17-B80A-C0BB53A5E689}.Release|Any CPU.Build.0 = Release|Any CPU
		{E0037D4F-AE3E-4F17-B80A-C0BB53A5E689}.Release|Any CPU.Deploy.0 = Release|Any CPU
		{7842BE18-DAE7-408A-8863-7C0DE2FFB9D8}.Debug|Any CPU.ActiveCfg = Debug|Any CPU
		{7842BE18-DAE7-408A-8863-7C0DE2FFB9D8}.Debug|Any CPU.Build.0 = Debug|Any CPU
		{7842BE18-DAE7-408A-8863-7C0DE2FFB9D8}.Release|Any CPU.ActiveCfg = Release|Any CPU
		{7842BE18-DAE7-408A-8863-7C0DE2FFB9D8}.Release|Any CPU.Build.0 = Release|Any CPU
		{D6DBEA81-0DF4-4B60-8D5E-3212AB9F0B5B}.Debug|Any CPU.ActiveCfg = Debug|Any CPU
		{D6DBEA81-0DF4-4B60-8D5E-3212AB9F0B5B}.Debug|Any CPU.Build.0 = Debug|Any CPU
		{D6DBEA81-0DF4-4B60-8D5E-3212AB9F0B5B}.Debug|Any CPU.Deploy.0 = Debug|Any CPU
		{D6DBEA81-0DF4-4B60-8D5E-3212AB9F0B5B}.Release|Any CPU.ActiveCfg = Release|Any CPU
		{D6DBEA81-0DF4-4B60-8D5E-3212AB9F0B5B}.Release|Any CPU.Build.0 = Release|Any CPU
		{D6DBEA81-0DF4-4B60-8D5E-3212AB9F0B5B}.Release|Any CPU.Deploy.0 = Release|Any CPU
		{8E5B5989-AD61-49D8-BCB9-40C0902D4D7B}.Debug|Any CPU.ActiveCfg = Debug|Any CPU
		{8E5B5989-AD61-49D8-BCB9-40C0902D4D7B}.Debug|Any CPU.Build.0 = Debug|Any CPU
		{8E5B5989-AD61-49D8-BCB9-40C0902D4D7B}.Release|Any CPU.ActiveCfg = Release|Any CPU
		{8E5B5989-AD61-49D8-BCB9-40C0902D4D7B}.Release|Any CPU.Build.0 = Release|Any CPU
		{4D69AB6D-1B8C-473D-B382-F7FEC9ACC0F9}.Debug|Any CPU.ActiveCfg = Debug|Any CPU
		{4D69AB6D-1B8C-473D-B382-F7FEC9ACC0F9}.Debug|Any CPU.Build.0 = Debug|Any CPU
		{4D69AB6D-1B8C-473D-B382-F7FEC9ACC0F9}.Debug|Any CPU.Deploy.0 = Debug|Any CPU
		{4D69AB6D-1B8C-473D-B382-F7FEC9ACC0F9}.Release|Any CPU.ActiveCfg = Release|Any CPU
		{4D69AB6D-1B8C-473D-B382-F7FEC9ACC0F9}.Release|Any CPU.Build.0 = Release|Any CPU
		{4D69AB6D-1B8C-473D-B382-F7FEC9ACC0F9}.Release|Any CPU.Deploy.0 = Release|Any CPU
		{E4E978F2-3A8B-45D3-8157-4002A9BECF2B}.Debug|Any CPU.ActiveCfg = Debug|Any CPU
		{E4E978F2-3A8B-45D3-8157-4002A9BECF2B}.Debug|Any CPU.Build.0 = Debug|Any CPU
		{E4E978F2-3A8B-45D3-8157-4002A9BECF2B}.Release|Any CPU.ActiveCfg = Release|Any CPU
		{E4E978F2-3A8B-45D3-8157-4002A9BECF2B}.Release|Any CPU.Build.0 = Release|Any CPU
		{EE8F8C13-3C64-4E87-8A55-17DAD6B31485}.Debug|Any CPU.ActiveCfg = Debug|Any CPU
		{EE8F8C13-3C64-4E87-8A55-17DAD6B31485}.Debug|Any CPU.Build.0 = Debug|Any CPU
		{EE8F8C13-3C64-4E87-8A55-17DAD6B31485}.Release|Any CPU.ActiveCfg = Release|Any CPU
		{EE8F8C13-3C64-4E87-8A55-17DAD6B31485}.Release|Any CPU.Build.0 = Release|Any CPU
	EndGlobalSection
	GlobalSection(SolutionProperties) = preSolution
		HideSolutionNode = FALSE
	EndGlobalSection
EndGlobal
