
Microsoft Visual Studio Solution File, Format Version 11.00
# Visual Studio 2010
Project("{FAE04EC0-301F-11D3-BF4B-00C04F79EFBC}") = "Wintellect.Sterling.Test", "Wintellect.Sterling.Test\Wintellect.Sterling.Test.csproj", "{AD90F146-A1D9-4925-9301-FE864CAEC7C5}"
EndProject
Project("{FAE04EC0-301F-11D3-BF4B-00C04F79EFBC}") = "Wintellect.Sterling", "Wintellect.Sterling\Wintellect.Sterling.csproj", "{8E5B5989-AD61-49D8-BCB9-40C0902D4D7B}"
EndProject
Project("{FAE04EC0-301F-11D3-BF4B-00C04F79EFBC}") = "Wintellect.Sterling.IsolatedStorage", "Wintellect.Sterling.IsolatedStorage\Wintellect.Sterling.IsolatedStorage.csproj", "{A74165EA-9D13-49CE-84AC-155468B90071}"
EndProject
Project("{FAE04EC0-301F-11D3-BF4B-00C04F79EFBC}") = "Wintellect.Sterling.IsolatedStorage.Test", "Wintellect.Sterling.IsolatedStorage.Test\Wintellect.Sterling.IsolatedStorage.Test.csproj", "{ACDEF80B-2D6D-4B90-A766-6B636F14257E}"
EndProject
Project("{FAE04EC0-301F-11D3-BF4B-00C04F79EFBC}") = "Wintellect.Sterling.Test.Helpers", "Wintellect.Sterling.Test.Helpers\Wintellect.Sterling.Test.Helpers.csproj", "{43ADDFBF-5B60-4B82-B25D-3B72E08A5BA0}"
EndProject
Global
	GlobalSection(TeamFoundationVersionControl) = preSolution
		SccNumberOfProjects = 6
		SccEnterpriseProvider = {4CA58AB2-18FA-4F8D-95D4-32DDF27D184C}
		SccTeamFoundationServer = https://tfs.codeplex.com/tfs/tfs04
		SccLocalPath0 = .
		SccProjectUniqueName1 = Wintellect.Sterling.Test\\Wintellect.Sterling.Test.csproj
		SccProjectName1 = Wintellect.Sterling.Test
		SccLocalPath1 = Wintellect.Sterling.Test
		SccProjectUniqueName2 = Wintellect.Sterling\\Wintellect.Sterling.csproj
		SccProjectName2 = Wintellect.Sterling
		SccLocalPath2 = Wintellect.Sterling
		SccProjectUniqueName3 = Wintellect.Sterling.IsolatedStorage\\Wintellect.Sterling.IsolatedStorage.csproj
		SccProjectName3 = Wintellect.Sterling.IsolatedStorage
		SccLocalPath3 = Wintellect.Sterling.IsolatedStorage
		SccProjectUniqueName4 = Wintellect.Sterling.IsolatedStorage.Test\\Wintellect.Sterling.IsolatedStorage.Test.csproj
		SccProjectName4 = Wintellect.Sterling.IsolatedStorage.Test
		SccLocalPath4 = Wintellect.Sterling.IsolatedStorage.Test
		SccProjectUniqueName5 = Wintellect.Sterling.Test.Helpers\\Wintellect.Sterling.Test.Helpers.csproj
		SccProjectName5 = Wintellect.Sterling.Test.Helpers
		SccLocalPath5 = Wintellect.Sterling.Test.Helpers
	EndGlobalSection
	GlobalSection(SolutionConfigurationPlatforms) = preSolution
		Debug|Any CPU = Debug|Any CPU
		Release|Any CPU = Release|Any CPU
	EndGlobalSection
	GlobalSection(ProjectConfigurationPlatforms) = postSolution
		{AD90F146-A1D9-4925-9301-FE864CAEC7C5}.Debug|Any CPU.ActiveCfg = Debug|Any CPU
		{AD90F146-A1D9-4925-9301-FE864CAEC7C5}.Debug|Any CPU.Build.0 = Debug|Any CPU
		{AD90F146-A1D9-4925-9301-FE864CAEC7C5}.Release|Any CPU.ActiveCfg = Release|Any CPU
		{AD90F146-A1D9-4925-9301-FE864CAEC7C5}.Release|Any CPU.Build.0 = Release|Any CPU
		{8E5B5989-AD61-49D8-BCB9-40C0902D4D7B}.Debug|Any CPU.ActiveCfg = Debug|Any CPU
		{8E5B5989-AD61-49D8-BCB9-40C0902D4D7B}.Debug|Any CPU.Build.0 = Debug|Any CPU
		{8E5B5989-AD61-49D8-BCB9-40C0902D4D7B}.Release|Any CPU.ActiveCfg = Release|Any CPU
		{8E5B5989-AD61-49D8-BCB9-40C0902D4D7B}.Release|Any CPU.Build.0 = Release|Any CPU
		{A74165EA-9D13-49CE-84AC-155468B90071}.Debug|Any CPU.ActiveCfg = Debug|Any CPU
		{A74165EA-9D13-49CE-84AC-155468B90071}.Debug|Any CPU.Build.0 = Debug|Any CPU
		{A74165EA-9D13-49CE-84AC-155468B90071}.Release|Any CPU.ActiveCfg = Release|Any CPU
		{A74165EA-9D13-49CE-84AC-155468B90071}.Release|Any CPU.Build.0 = Release|Any CPU
		{ACDEF80B-2D6D-4B90-A766-6B636F14257E}.Debug|Any CPU.ActiveCfg = Debug|Any CPU
		{ACDEF80B-2D6D-4B90-A766-6B636F14257E}.Debug|Any CPU.Build.0 = Debug|Any CPU
		{ACDEF80B-2D6D-4B90-A766-6B636F14257E}.Release|Any CPU.ActiveCfg = Release|Any CPU
		{ACDEF80B-2D6D-4B90-A766-6B636F14257E}.Release|Any CPU.Build.0 = Release|Any CPU
		{43ADDFBF-5B60-4B82-B25D-3B72E08A5BA0}.Debug|Any CPU.ActiveCfg = Debug|Any CPU
		{43ADDFBF-5B60-4B82-B25D-3B72E08A5BA0}.Debug|Any CPU.Build.0 = Debug|Any CPU
		{43ADDFBF-5B60-4B82-B25D-3B72E08A5BA0}.Release|Any CPU.ActiveCfg = Release|Any CPU
		{43ADDFBF-5B60-4B82-B25D-3B72E08A5BA0}.Release|Any CPU.Build.0 = Release|Any CPU
	EndGlobalSection
	GlobalSection(SolutionProperties) = preSolution
		HideSolutionNode = FALSE
	EndGlobalSection
EndGlobal
